<?xml version="1.0" encoding="utf-8"?>
<Project ToolsVersion="4.0" xmlns="http://schemas.microsoft.com/developer/msbuild/2003">
  <ItemGroup>
    <Filter Include="源文件">
      <UniqueIdentifier>{4FC737F1-C7A5-4376-A066-2A32D752A2FF}</UniqueIdentifier>
      <Extensions>cpp;c;cc;cxx;def;odl;idl;hpj;bat;asm;asmx</Extensions>
    </Filter>
    <Filter Include="头文件">
      <UniqueIdentifier>{93995380-89BD-4b04-88EB-625FBE52EBFB}</UniqueIdentifier>
      <Extensions>h;hh;hpp;hxx;hm;inl;inc;xsd</Extensions>
    </Filter>
    <Filter Include="资源文件">
      <UniqueIdentifier>{67DA6AB6-F800-4c08-8B7A-83BB121AAD01}</UniqueIdentifier>
      <Extensions>rc;ico;cur;bmp;dlg;rc2;rct;bin;rgs;gif;jpg;jpeg;jpe;resx;tiff;tif;png;wav;mfcribbon-ms</Extensions>
    </Filter>
    <Filter Include="NetMessage">
      <UniqueIdentifier>{17a37ecc-ebb3-4feb-bb6a-d3e82b780491}</UniqueIdentifier>
    </Filter>
    <Filter Include="Comm">
      <UniqueIdentifier>{60c69a44-e8ee-4b47-822e-ff914516ea40}</UniqueIdentifier>
    </Filter>
  </ItemGroup>
  <ItemGroup>
    <Text Include="ReadMe.txt" />
  </ItemGroup>
  <ItemGroup>
    <ClInclude Include="stdafx.h">
      <Filter>头文件</Filter>
    </ClInclude>
    <ClInclude Include="targetver.h">
      <Filter>头文件</Filter>
    </ClInclude>
    <ClInclude Include="NetFrame.h">
      <Filter>头文件</Filter>
    </ClInclude>
    <ClInclude Include="Buffer.h">
      <Filter>头文件</Filter>
    </ClInclude>
    <ClInclude Include="..\netPack\commDef.hpp">
      <Filter>NetMessage</Filter>
    </ClInclude>
    <ClInclude Include="..\netPack\MessageBuf.hpp">
      <Filter>NetMessage</Filter>
    </ClInclude>
    <ClInclude Include="..\protobuf\NetMessage.pb.h">
      <Filter>NetMessage</Filter>
    </ClInclude>
    <ClInclude Include="MessageDispatch.hpp">
      <Filter>头文件</Filter>
    </ClInclude>
    <ClInclude Include="Observer.hpp">
      <Filter>Comm</Filter>
    </ClInclude>
  </ItemGroup>
  <ItemGroup>
    <ClCompile Include="stdafx.cpp">
      <Filter>源文件</Filter>
    </ClCompile>
    <ClCompile Include="NetApp.cpp">
      <Filter>源文件</Filter>
    </ClCompile>
    <ClCompile Include="NetFrame.cpp">
      <Filter>源文件</Filter>
    </ClCompile>
    <ClCompile Include="Buffer.cpp">
      <Filter>源文件</Filter>
    </ClCompile>
    <ClCompile Include="..\netPack\commDef.cpp">
      <Filter>NetMessage</Filter>
    </ClCompile>
    <ClCompile Include="..\netPack\MessageBuf.cpp">
      <Filter>NetMessage</Filter>
    </ClCompile>
    <ClCompile Include="..\protobuf\NetMessage.pb.cc">
      <Filter>NetMessage</Filter>
    </ClCompile>
    <ClCompile Include="Observer.cpp">
      <Filter>Comm</Filter>
    </ClCompile>
  </ItemGroup>
</Project>